
Microsoft Visual Studio Solution File, Format Version 12.00
# Visual Studio Version 17
VisualStudioVersion = 17.5.002.0
MinimumVisualStudioVersion = 10.0.40219.1
Project("{9A19103F-16F7-4668-BE54-9A1E7A4F7556}") = "api", "api\api.csproj", "{552E6FCF-B345-405D-8191-B7659CA83146}"
EndProject
Project("{FAE04EC0-301F-11D3-BF4B-00C04F79EFBC}") = "image-processing", "image-processing\image-processing.csproj", "{EB7A6DC6-BA65-40E5-860D-BD6A16C47F14}"
EndProject
Global
	GlobalSection(SolutionConfigurationPlatforms) = preSolution
		Debug|Any CPU = Debug|Any CPU
		Release|Any CPU = Release|Any CPU
	EndGlobalSection
	GlobalSection(ProjectConfigurationPlatforms) = postSolution
		{552E6FCF-B345-405D-8191-B7659CA83146}.Debug|Any CPU.ActiveCfg = Debug|Any CPU
		{552E6FCF-B345-405D-8191-B7659CA83146}.Debug|Any CPU.Build.0 = Debug|Any CPU
		{552E6FCF-B345-405D-8191-B7659CA83146}.Release|Any CPU.ActiveCfg = Release|Any CPU
		{552E6FCF-B345-405D-8191-B7659CA83146}.Release|Any CPU.Build.0 = Release|Any CPU
		{EB7A6DC6-BA65-40E5-860D-BD6A16C47F14}.Debug|Any CPU.ActiveCfg = Debug|Any CPU
		{EB7A6DC6-BA65-40E5-860D-BD6A16C47F14}.Debug|Any CPU.Build.0 = Debug|Any CPU
		{EB7A6DC6-BA65-40E5-860D-BD6A16C47F14}.Release|Any CPU.ActiveCfg = Release|Any CPU
		{EB7A6DC6-BA65-40E5-860D-BD6A16C47F14}.Release|Any CPU.Build.0 = Release|Any CPU
	EndGlobalSection
	GlobalSection(SolutionProperties) = preSolution
		HideSolutionNode = FALSE
	EndGlobalSection
	GlobalSection(ExtensibilityGlobals) = postSolution
		SolutionGuid = {4E1AF783-F18C-41D5-A06E-B887D02E4628}
	EndGlobalSection
EndGlobal
